
Microsoft Visual Studio Solution File, Format Version 12.00
# Visual Studio Version 17
VisualStudioVersion = 17.4.33205.214
MinimumVisualStudioVersion = 10.0.40219.1
Project("{9A19103F-16F7-4668-BE54-9A1E7A4F7556}") = "BlazorAppDemo", "BlazorAppDemo\BlazorAppDemo.csproj", "{462CAC29-6B99-4245-8579-229490017BDF}"
EndProject
Global
	GlobalSection(SolutionConfigurationPlatforms) = preSolution
		Debug|Any CPU = Debug|Any CPU
		Release|Any CPU = Release|Any CPU
	EndGlobalSection
	GlobalSection(ProjectConfigurationPlatforms) = postSolution
		{462CAC29-6B99-4245-8579-229490017BDF}.Debug|Any CPU.ActiveCfg = Debug|Any CPU
		{462CAC29-6B99-4245-8579-229490017BDF}.Debug|Any CPU.Build.0 = Debug|Any CPU
		{462CAC29-6B99-4245-8579-229490017BDF}.Release|Any CPU.ActiveCfg = Release|Any CPU
		{462CAC29-6B99-4245-8579-229490017BDF}.Release|Any CPU.Build.0 = Release|Any CPU
	EndGlobalSection
	GlobalSection(SolutionProperties) = preSolution
		HideSolutionNode = FALSE
	EndGlobalSection
	GlobalSection(ExtensibilityGlobals) = postSolution
		SolutionGuid = {B77765B0-A230-42B0-946B-2208F651CE5B}
	EndGlobalSection
EndGlobal
